
Microsoft Visual Studio Solution File, Format Version 12.00
# Visual Studio Version 17
VisualStudioVersion = 17.10.35013.160
MinimumVisualStudioVersion = 10.0.40219.1
Project("{FAE04EC0-301F-11D3-BF4B-00C04F79EFBC}") = "Department Crud App", "Department Crud App\Department Crud App.csproj", "{B19C4E56-8C8D-4BE9-AC6F-973783D90A9B}"
EndProject
Global
	GlobalSection(SolutionConfigurationPlatforms) = preSolution
		Debug|Any CPU = Debug|Any CPU
		Release|Any CPU = Release|Any CPU
	EndGlobalSection
	GlobalSection(ProjectConfigurationPlatforms) = postSolution
		{B19C4E56-8C8D-4BE9-AC6F-973783D90A9B}.Debug|Any CPU.ActiveCfg = Debug|Any CPU
		{B19C4E56-8C8D-4BE9-AC6F-973783D90A9B}.Debug|Any CPU.Build.0 = Debug|Any CPU
		{B19C4E56-8C8D-4BE9-AC6F-973783D90A9B}.Release|Any CPU.ActiveCfg = Release|Any CPU
		{B19C4E56-8C8D-4BE9-AC6F-973783D90A9B}.Release|Any CPU.Build.0 = Release|Any CPU
	EndGlobalSection
	GlobalSection(SolutionProperties) = preSolution
		HideSolutionNode = FALSE
	EndGlobalSection
	GlobalSection(ExtensibilityGlobals) = postSolution
		SolutionGuid = {862FF38B-30EB-4D76-B645-7B7478EB5896}
	EndGlobalSection
EndGlobal
